<Solution>
  <Folder Name="/Solution Items/">
    <File Path="Readme.txt" />
  </Folder>
  <Project Path="Application.API/Application.API.csproj" />
  <Project Path="Application.Application/Application.Application.csproj" Id="efd1b579-7bd3-42f1-ae87-be25ec872246" />
  <Project Path="Application.Domain/Application.Domain.csproj" Id="df5ea9c6-0329-434d-beb6-b2083ec53e19" />
  <Project Path="Application.Infrastructure/Application.Infrastructure.csproj" Id="b860fdb7-69f1-4783-bcbe-a66b338a86fd" />
</Solution>
